
Microsoft Visual Studio Solution File, Format Version 12.00
# Visual Studio 14
VisualStudioVersion = 14.0.25420.1
MinimumVisualStudioVersion = 10.0.40219.1
Project("{8BB2217D-0F2D-49D1-97BC-3654ED321F3B}") = "GroupClue.Data", "src\data\GroupClue.Data.xproj", "{D790DEF3-579F-41A8-85A3-DC70F3DF0326}"
EndProject
Project("{8BB2217D-0F2D-49D1-97BC-3654ED321F3B}") = "GroupClue.UnitTests", "tests\GroupClue.UnitTests.xproj", "{8FCE94E8-6835-443B-A987-A0485D8DF650}"
EndProject
Project("{8BB2217D-0F2D-49D1-97BC-3654ED321F3B}") = "GroupClue.Web", "src\web\GroupClue.Web.xproj", "{F939E1F5-E0C0-453E-876B-888806B019BE}"
EndProject
Global
	GlobalSection(SolutionConfigurationPlatforms) = preSolution
		Debug|Any CPU = Debug|Any CPU
		Release|Any CPU = Release|Any CPU
	EndGlobalSection
	GlobalSection(ProjectConfigurationPlatforms) = postSolution
		{D790DEF3-579F-41A8-85A3-DC70F3DF0326}.Debug|Any CPU.ActiveCfg = Debug|Any CPU
		{D790DEF3-579F-41A8-85A3-DC70F3DF0326}.Debug|Any CPU.Build.0 = Debug|Any CPU
		{D790DEF3-579F-41A8-85A3-DC70F3DF0326}.Release|Any CPU.ActiveCfg = Release|Any CPU
		{D790DEF3-579F-41A8-85A3-DC70F3DF0326}.Release|Any CPU.Build.0 = Release|Any CPU
		{8FCE94E8-6835-443B-A987-A0485D8DF650}.Debug|Any CPU.ActiveCfg = Debug|Any CPU
		{8FCE94E8-6835-443B-A987-A0485D8DF650}.Debug|Any CPU.Build.0 = Debug|Any CPU
		{8FCE94E8-6835-443B-A987-A0485D8DF650}.Release|Any CPU.ActiveCfg = Release|Any CPU
		{8FCE94E8-6835-443B-A987-A0485D8DF650}.Release|Any CPU.Build.0 = Release|Any CPU
		{F939E1F5-E0C0-453E-876B-888806B019BE}.Debug|Any CPU.ActiveCfg = Debug|Any CPU
		{F939E1F5-E0C0-453E-876B-888806B019BE}.Debug|Any CPU.Build.0 = Debug|Any CPU
		{F939E1F5-E0C0-453E-876B-888806B019BE}.Release|Any CPU.ActiveCfg = Release|Any CPU
		{F939E1F5-E0C0-453E-876B-888806B019BE}.Release|Any CPU.Build.0 = Release|Any CPU
	EndGlobalSection
	GlobalSection(SolutionProperties) = preSolution
		HideSolutionNode = FALSE
	EndGlobalSection
EndGlobal
